
Microsoft Visual Studio Solution File, Format Version 12.00
# Visual Studio 15
VisualStudioVersion = 15.0.28010.2048
MinimumVisualStudioVersion = 10.0.40219.1
Project("{FAE04EC0-301F-11D3-BF4B-00C04F79EFBC}") = "ZSK_Projekt", "ZSK_Projekt\ZSK_Projekt.csproj", "{81EE2C1F-9D5B-4F7C-B3A9-8E787C32279D}"
EndProject
Global
	GlobalSection(SolutionConfigurationPlatforms) = preSolution
		Debug|Any CPU = Debug|Any CPU
		Release|Any CPU = Release|Any CPU
	EndGlobalSection
	GlobalSection(ProjectConfigurationPlatforms) = postSolution
		{81EE2C1F-9D5B-4F7C-B3A9-8E787C32279D}.Debug|Any CPU.ActiveCfg = Debug|Any CPU
		{81EE2C1F-9D5B-4F7C-B3A9-8E787C32279D}.Debug|Any CPU.Build.0 = Debug|Any CPU
		{81EE2C1F-9D5B-4F7C-B3A9-8E787C32279D}.Release|Any CPU.ActiveCfg = Release|Any CPU
		{81EE2C1F-9D5B-4F7C-B3A9-8E787C32279D}.Release|Any CPU.Build.0 = Release|Any CPU
	EndGlobalSection
	GlobalSection(SolutionProperties) = preSolution
		HideSolutionNode = FALSE
	EndGlobalSection
	GlobalSection(ExtensibilityGlobals) = postSolution
		SolutionGuid = {3468A481-EED9-48FB-8B5F-BCA23DF2E9CF}
	EndGlobalSection
EndGlobal
